
Microsoft Visual Studio Solution File, Format Version 9.00
# Visual Studio 2005
Project("{8BC9CEB8-8B4A-11D0-8D11-00A0C91BC942}") = "main", "main.vcproj", "{4C6FD6D6-04E5-44EE-A8A3-6D574FD8A94A}"
EndProject
Global
	GlobalSection(SolutionConfigurationPlatforms) = preSolution
		Debug|Win32 = Debug|Win32
		Release|Win32 = Release|Win32
	EndGlobalSection
	GlobalSection(ProjectConfigurationPlatforms) = postSolution
		{4C6FD6D6-04E5-44EE-A8A3-6D574FD8A94A}.Debug|Win32.ActiveCfg = Debug|Win32
		{4C6FD6D6-04E5-44EE-A8A3-6D574FD8A94A}.Debug|Win32.Build.0 = Debug|Win32
		{4C6FD6D6-04E5-44EE-A8A3-6D574FD8A94A}.Release|Win32.ActiveCfg = Release|Win32
		{4C6FD6D6-04E5-44EE-A8A3-6D574FD8A94A}.Release|Win32.Build.0 = Release|Win32
	EndGlobalSection
	GlobalSection(SolutionProperties) = preSolution
		HideSolutionNode = FALSE
	EndGlobalSection
EndGlobal
